
Microsoft Visual Studio Solution File, Format Version 12.00
# Visual Studio Version 17
VisualStudioVersion = 17.13.35825.156 d17.13
MinimumVisualStudioVersion = 10.0.40219.1
Project("{FAE04EC0-301F-11D3-BF4B-00C04F79EFBC}") = "FilmesAPI", "FilmesAPI\FilmesAPI.csproj", "{A9B0F4FC-8F25-453E-8788-DBF049A0C42D}"
EndProject
Global
	GlobalSection(SolutionConfigurationPlatforms) = preSolution
		Debug|Any CPU = Debug|Any CPU
		Release|Any CPU = Release|Any CPU
	EndGlobalSection
	GlobalSection(ProjectConfigurationPlatforms) = postSolution
		{A9B0F4FC-8F25-453E-8788-DBF049A0C42D}.Debug|Any CPU.ActiveCfg = Debug|Any CPU
		{A9B0F4FC-8F25-453E-8788-DBF049A0C42D}.Debug|Any CPU.Build.0 = Debug|Any CPU
		{A9B0F4FC-8F25-453E-8788-DBF049A0C42D}.Release|Any CPU.ActiveCfg = Release|Any CPU
		{A9B0F4FC-8F25-453E-8788-DBF049A0C42D}.Release|Any CPU.Build.0 = Release|Any CPU
	EndGlobalSection
	GlobalSection(SolutionProperties) = preSolution
		HideSolutionNode = FALSE
	EndGlobalSection
	GlobalSection(ExtensibilityGlobals) = postSolution
		SolutionGuid = {820E9A30-37B0-4BCD-83F6-6643EC6CF267}
	EndGlobalSection
EndGlobal
